
Microsoft Visual Studio Solution File, Format Version 12.00
# Visual Studio Version 17
VisualStudioVersion = 17.4.33122.133
MinimumVisualStudioVersion = 10.0.40219.1
Project("{9A19103F-16F7-4668-BE54-9A1E7A4F7556}") = "ContainerShip", "ContainerShip\ContainerShip.csproj", "{8EC07656-04B4-493D-9ABE-833A6FC42BC9}"
EndProject
Project("{FAE04EC0-301F-11D3-BF4B-00C04F79EFBC}") = "ContainerShip_Test", "ContainerShip_Test\ContainerShip_Test.csproj", "{599CA72C-7CF2-40B0-B268-17D5B8EDDF57}"
EndProject
Global
	GlobalSection(SolutionConfigurationPlatforms) = preSolution
		Debug|Any CPU = Debug|Any CPU
		Release|Any CPU = Release|Any CPU
	EndGlobalSection
	GlobalSection(ProjectConfigurationPlatforms) = postSolution
		{8EC07656-04B4-493D-9ABE-833A6FC42BC9}.Debug|Any CPU.ActiveCfg = Debug|Any CPU
		{8EC07656-04B4-493D-9ABE-833A6FC42BC9}.Debug|Any CPU.Build.0 = Debug|Any CPU
		{8EC07656-04B4-493D-9ABE-833A6FC42BC9}.Release|Any CPU.ActiveCfg = Release|Any CPU
		{8EC07656-04B4-493D-9ABE-833A6FC42BC9}.Release|Any CPU.Build.0 = Release|Any CPU
		{599CA72C-7CF2-40B0-B268-17D5B8EDDF57}.Debug|Any CPU.ActiveCfg = Debug|Any CPU
		{599CA72C-7CF2-40B0-B268-17D5B8EDDF57}.Debug|Any CPU.Build.0 = Debug|Any CPU
		{599CA72C-7CF2-40B0-B268-17D5B8EDDF57}.Release|Any CPU.ActiveCfg = Release|Any CPU
		{599CA72C-7CF2-40B0-B268-17D5B8EDDF57}.Release|Any CPU.Build.0 = Release|Any CPU
	EndGlobalSection
	GlobalSection(SolutionProperties) = preSolution
		HideSolutionNode = FALSE
	EndGlobalSection
	GlobalSection(ExtensibilityGlobals) = postSolution
		SolutionGuid = {B25F9CF0-FDEA-48F5-87E9-D7DAEE46157C}
	EndGlobalSection
EndGlobal
